{
  "version": 1,
  "plugins": [
    {
      "id": "builtin/body",
      "version": "1.0.0",
      "source": {
        "type": "path",
        "path": "github.com/rolasotelo/goodcommit/cmd/goodcommit-plugin-body"
      },
      "manifest_checksum": "sha256:3b3a424abac399f7181c8bdd6b5320836c1f07a990c938bf6ff699df2aba3fe8",
      "executable_path": "gobin:builtin-body-3b3a424abac3",
      "executable_checksum": "sha256:d7df011dfcf970c6da118597340b485fe6cd295705ce1d39ef2db49f2dcdac20",
      "hooks": [
        "collect"
      ],
      "order": 50,
      "failure_mode": "fail_open",
      "timeout_ms": 10000,
      "ai_hints": {
        "purpose": "Capture detailed body text.",
        "instructions": "Write commit_body with implementation details and notable behavior changes."
      },
      "contract": {
        "answers": [
          {
            "key": "commit_body",
            "description": "Detailed body content.",
            "type": "string",
            "required": true,
            "strategy": "infer_from_diff"
          }
        ]
      },
      "updated_at_utc": "2026-03-07T00:41:52Z"
    },
    {
      "id": "builtin/breaking",
      "version": "1.0.0",
      "source": {
        "type": "path",
        "path": "github.com/rolasotelo/goodcommit/cmd/goodcommit-plugin-breaking"
      },
      "manifest_checksum": "sha256:ccb7ee6066475ce45a51e7a04eb3686badd3a5ea6fdd209d9110db998209a6f3",
      "executable_path": "gobin:builtin-breaking-ccb7ee606647",
      "executable_checksum": "sha256:5e3dd4404f502cc61b2627028ab5204949ee87bc46d97c39cf23143ed6f7f822",
      "hooks": [
        "collect"
      ],
      "order": 60,
      "failure_mode": "fail_open",
      "timeout_ms": 10000,
      "ai_hints": {
        "purpose": "Mark whether release has breaking impact.",
        "instructions": "Set is_breaking=true only when API/behavior compatibility breaks."
      },
      "contract": {
        "answers": [
          {
            "key": "is_breaking",
            "description": "Breaking change boolean.",
            "type": "bool",
            "strategy": "infer_from_diff"
          }
        ],
        "metadata_reads": [
          {
            "key": "gc.type",
            "description": "Prompt shown for feat/fix only.",
            "required": true
          }
        ],
        "metadata_writes": [
          {
            "key": "gc.breaking",
            "description": "Breaking change flag."
          }
        ]
      },
      "ai_auto_answers": {
        "is_breaking": false
      },
      "updated_at_utc": "2026-03-07T00:41:52Z"
    },
    {
      "id": "builtin/breakingmsg",
      "version": "1.0.0",
      "source": {
        "type": "path",
        "path": "github.com/rolasotelo/goodcommit/cmd/goodcommit-plugin-breakingmsg"
      },
      "manifest_checksum": "sha256:21421a65e8a988a2625ab1e198e24f5f80b332d000d422af3f6121946a4882c2",
      "executable_path": "gobin:builtin-breakingmsg-21421a65e8a9",
      "executable_checksum": "sha256:b5ad0e2893fcb8cf3a4fb144a275324fdb99f9faa29acfe0b7a335b553d2a08f",
      "hooks": [
        "collect",
        "enrich"
      ],
      "order": 70,
      "failure_mode": "fail_open",
      "timeout_ms": 10000,
      "ai_hints": {
        "purpose": "Provide explicit breaking change migration notes.",
        "instructions": "Fill breaking_message only when is_breaking=true."
      },
      "contract": {
        "answers": [
          {
            "key": "breaking_message",
            "description": "Compatibility impact details.",
            "type": "string",
            "strategy": "infer_from_diff"
          }
        ],
        "metadata_reads": [
          {
            "key": "gc.breaking",
            "description": "Only active when breaking=true.",
            "required": true
          }
        ],
        "metadata_writes": [
          {
            "key": "gc.breaking_msg",
            "description": "Breaking details message."
          }
        ]
      },
      "updated_at_utc": "2026-03-07T00:41:52Z"
    },
    {
      "id": "builtin/coauthors",
      "version": "1.0.0",
      "source": {
        "type": "path",
        "path": "github.com/rolasotelo/goodcommit/cmd/goodcommit-plugin-coauthors"
      },
      "manifest_checksum": "sha256:ab995a805c5813846bdbec444cd02ccab322977dcb8435e39cebe34948150a5c",
      "executable_path": "gobin:builtin-coauthors-ab995a805c58",
      "executable_checksum": "sha256:620aa34012630379cb378ca38c5bed9381d72c054eb8123f5e7eab3b3ce929ae",
      "hooks": [
        "collect",
        "finalize"
      ],
      "order": 80,
      "failure_mode": "fail_open",
      "timeout_ms": 10000,
      "ai_hints": {
        "purpose": "Attach collaborator attribution.",
        "instructions": "Set coauthors_selected to matching collaborator emails when pair/mob programming happened."
      },
      "contract": {
        "answers": [
          {
            "key": "coauthors_selected",
            "description": "Array of co-author email ids.",
            "type": "[]string",
            "strategy": "infer_from_context"
          }
        ],
        "metadata_reads": [
          {
            "key": "gc.coauthors",
            "description": "Finalize trailers from selected co-authors."
          },
          {
            "key": "gc.coauthors_emojis",
            "description": "Finalize emoji signature in body."
          }
        ],
        "metadata_writes": [
          {
            "key": "gc.coauthors",
            "description": "Co-author trailer values."
          },
          {
            "key": "gc.coauthors_names",
            "description": "Co-author names."
          },
          {
            "key": "gc.coauthors_emojis",
            "description": "Co-author emoji signature."
          }
        ],
        "trailer_writes": [
          {
            "key": "Co-authored-by",
            "description": "One trailer per selected co-author."
          }
        ]
      },
      "ai_auto_answers": {
        "coauthors_selected": []
      },
      "updated_at_utc": "2026-03-07T00:41:52Z"
    },
    {
      "id": "builtin/conventional-title",
      "version": "1.0.0",
      "source": {
        "type": "path",
        "path": "github.com/rolasotelo/goodcommit/cmd/goodcommit-plugin-conventional-title"
      },
      "manifest_checksum": "sha256:daff04b494a2d6baddec4df923c2c0826fe002314364b884772897dd053069f0",
      "executable_path": "gobin:builtin-conventional-title-daff04b494a2",
      "executable_checksum": "sha256:4745c07fac9ee5cd2edbc1a04daae7a22227356b9a89f7ce20eb48ea78633a3c",
      "hooks": [
        "finalize"
      ],
      "order": 90,
      "failure_mode": "fail_closed",
      "timeout_ms": 10000,
      "ai_hints": {
        "purpose": "Compose final conventional title from collected metadata.",
        "instructions": "No direct answers required."
      },
      "contract": {
        "metadata_reads": [
          {
            "key": "gc.type",
            "description": "Type id used in title.",
            "required": true
          },
          {
            "key": "gc.description",
            "description": "Description text used in title.",
            "required": true
          },
          {
            "key": "gc.scope_emojis",
            "description": "Optional scope emojis in title."
          },
          {
            "key": "gc.breaking",
            "description": "Optional breaking flag for ! marker."
          }
        ]
      },
      "updated_at_utc": "2026-03-07T00:41:52Z"
    },
    {
      "id": "builtin/description",
      "version": "1.0.0",
      "source": {
        "type": "path",
        "path": "github.com/rolasotelo/goodcommit/cmd/goodcommit-plugin-description"
      },
      "manifest_checksum": "sha256:48ddec02178d88f5b862e5a40b75b7c678e857ae70c71d1a159fb1065a8d8314",
      "executable_path": "gobin:builtin-description-48ddec02178d",
      "executable_checksum": "sha256:49cc39a6168e9505e9c3c972c3b4c98b28d1e244f3bab28e05897364e2f0d5ab",
      "hooks": [
        "collect"
      ],
      "order": 30,
      "failure_mode": "fail_closed",
      "timeout_ms": 10000,
      "ai_hints": {
        "purpose": "Capture concise commit summary text.",
        "instructions": "Fill commit_description with one short, lower-case sentence fragment (\u003c=72 chars)."
      },
      "contract": {
        "answers": [
          {
            "key": "commit_description",
            "description": "Short summary phrase.",
            "type": "string",
            "required": true,
            "strategy": "infer_from_diff"
          }
        ],
        "metadata_writes": [
          {
            "key": "gc.description",
            "description": "Normalized description text."
          }
        ]
      },
      "updated_at_utc": "2026-03-07T00:41:52Z"
    },
    {
      "id": "builtin/logo",
      "version": "1.0.0",
      "source": {
        "type": "path",
        "path": "github.com/rolasotelo/goodcommit/cmd/goodcommit-plugin-logo"
      },
      "manifest_checksum": "sha256:af61b58d44701324a9b6f6108b590459e86a3cb4c5135ae1d3353c70364cab31",
      "executable_path": "gobin:builtin-logo-af61b58d4470",
      "executable_checksum": "sha256:050c56752d3ebbcd8f6392df3be7087858ed948e321b71c6295e7ce9343e851c",
      "hooks": [
        "collect"
      ],
      "order": 1,
      "failure_mode": "fail_open",
      "timeout_ms": 10000,
      "ai_hints": {
        "purpose": "Render a static banner before data collection.",
        "instructions": "No answer values required unless the plugin asks for acknowledgement in interactive mode."
      },
      "contract": {
        "metadata_writes": [
          {
            "key": "gc.logo_seen",
            "description": "Whether banner step was shown."
          }
        ]
      },
      "updated_at_utc": "2026-03-07T00:41:52Z"
    },
    {
      "id": "builtin/scopes",
      "version": "1.0.0",
      "source": {
        "type": "path",
        "path": "github.com/rolasotelo/goodcommit/cmd/goodcommit-plugin-scopes"
      },
      "manifest_checksum": "sha256:5b566875df96f23b3e1386da07d5121e5d4d761caec6ad95c678f5335e619b30",
      "executable_path": "gobin:builtin-scopes-5b566875df96",
      "executable_checksum": "sha256:6a249efb63442040a7a689db1466a6748fcffad76401da3e5ea4736ad01b4b41",
      "hooks": [
        "collect",
        "enrich"
      ],
      "order": 20,
      "failure_mode": "fail_open",
      "timeout_ms": 10000,
      "ai_hints": {
        "purpose": "Attach scope metadata and enrich body with scope section.",
        "instructions": "Choose one or more commit_scopes that best match changed areas."
      },
      "contract": {
        "answers": [
          {
            "key": "commit_scopes",
            "description": "Array of scope ids.",
            "type": "[]string",
            "strategy": "infer_from_diff"
          }
        ],
        "metadata_reads": [
          {
            "key": "gc.type",
            "description": "Type selection drives valid scopes.",
            "required": true
          }
        ],
        "metadata_writes": [
          {
            "key": "gc.scope_names",
            "description": "Selected scope names."
          },
          {
            "key": "gc.scope_emojis",
            "description": "Selected scope emoji sequence."
          }
        ]
      },
      "updated_at_utc": "2026-03-07T00:41:52Z"
    },
    {
      "id": "builtin/signedoffby",
      "version": "1.0.0",
      "source": {
        "type": "path",
        "path": "github.com/rolasotelo/goodcommit/cmd/goodcommit-plugin-signedoffby"
      },
      "manifest_checksum": "sha256:b02571782a435fb9295b135a2904004c831957878c2039fc835eb2c2a58d70ce",
      "executable_path": "gobin:builtin-signedoffby-b02571782a43",
      "executable_checksum": "sha256:78f5c6c094881330d2aad6eed168faa6acdde1ed505cc42097437fd1faf6dbab",
      "hooks": [
        "finalize"
      ],
      "order": 100,
      "failure_mode": "fail_open",
      "timeout_ms": 10000,
      "ai_hints": {
        "purpose": "Add Signed-off-by trailer from git identity.",
        "instructions": "No direct answers required."
      },
      "contract": {
        "trailer_writes": [
          {
            "key": "Signed-off-by",
            "description": "Author sign-off trailer."
          }
        ]
      },
      "updated_at_utc": "2026-03-07T00:41:52Z"
    },
    {
      "id": "builtin/types",
      "version": "1.0.0",
      "source": {
        "type": "path",
        "path": "github.com/rolasotelo/goodcommit/cmd/goodcommit-plugin-types"
      },
      "manifest_checksum": "sha256:ca08ca9e14f372135bef60555365b5c45554d87dd17e69c1f44b2a050a30eeb7",
      "executable_path": "gobin:builtin-types-ca08ca9e14f3",
      "executable_checksum": "sha256:efeec13591ff2e1c2f4d84d113f76d418c9b476e4173e457c731cf2bec98a0b7",
      "hooks": [
        "collect"
      ],
      "order": 10,
      "failure_mode": "fail_closed",
      "timeout_ms": 10000,
      "ai_hints": {
        "purpose": "Select conventional commit type.",
        "instructions": "Infer commit_type from staged diff intent. Prefer feat/fix/chore/docs/refactor patterns."
      },
      "contract": {
        "answers": [
          {
            "key": "commit_type",
            "description": "Conventional commit type id.",
            "type": "string",
            "required": true,
            "strategy": "infer_from_diff"
          }
        ],
        "metadata_writes": [
          {
            "key": "gc.type",
            "description": "Selected commit type id."
          }
        ]
      },
      "updated_at_utc": "2026-03-07T00:41:52Z"
    },
    {
      "id": "builtin/why",
      "version": "1.0.0",
      "source": {
        "type": "path",
        "path": "github.com/rolasotelo/goodcommit/cmd/goodcommit-plugin-why"
      },
      "manifest_checksum": "sha256:8f1d5d5f15b6190a1eb15184bc07252d637c8081dcb0194652bb1f0210259112",
      "executable_path": "gobin:builtin-why-8f1d5d5f15b6",
      "executable_checksum": "sha256:c8eb125432037931bff09fbf4673354920aeefc9c6ff964108f00455b595d2da",
      "hooks": [
        "collect",
        "enrich"
      ],
      "order": 40,
      "failure_mode": "fail_open",
      "timeout_ms": 10000,
      "ai_hints": {
        "purpose": "Add rationale context to commit body.",
        "instructions": "Set commit_why to user-impact or technical motivation."
      },
      "contract": {
        "answers": [
          {
            "key": "commit_why",
            "description": "Reason this change exists.",
            "type": "string",
            "strategy": "infer_from_diff"
          }
        ],
        "metadata_reads": [
          {
            "key": "gc.why",
            "description": "Used to prepend WHY section."
          }
        ],
        "metadata_writes": [
          {
            "key": "gc.why",
            "description": "Normalized rationale text."
          }
        ]
      },
      "updated_at_utc": "2026-03-07T00:41:52Z"
    }
  ]
}
